
Microsoft Visual Studio Solution File, Format Version 12.00
# Visual Studio Version 17
VisualStudioVersion = 17.13.35931.197 d17.13
MinimumVisualStudioVersion = 10.0.40219.1
Project("{FAE04EC0-301F-11D3-BF4B-00C04F79EFBC}") = "Quanlycuahangquanao", "WebApplication1\Quanlycuahangquanao.csproj", "{F26F792C-F6A2-4794-9DD9-86FA539D7A79}"
EndProject
Global
	GlobalSection(SolutionConfigurationPlatforms) = preSolution
		Debug|Any CPU = Debug|Any CPU
		Release|Any CPU = Release|Any CPU
	EndGlobalSection
	GlobalSection(ProjectConfigurationPlatforms) = postSolution
		{F26F792C-F6A2-4794-9DD9-86FA539D7A79}.Debug|Any CPU.ActiveCfg = Debug|Any CPU
		{F26F792C-F6A2-4794-9DD9-86FA539D7A79}.Debug|Any CPU.Build.0 = Debug|Any CPU
		{F26F792C-F6A2-4794-9DD9-86FA539D7A79}.Release|Any CPU.ActiveCfg = Release|Any CPU
		{F26F792C-F6A2-4794-9DD9-86FA539D7A79}.Release|Any CPU.Build.0 = Release|Any CPU
	EndGlobalSection
	GlobalSection(SolutionProperties) = preSolution
		HideSolutionNode = FALSE
	EndGlobalSection
	GlobalSection(ExtensibilityGlobals) = postSolution
		SolutionGuid = {049BB4A7-B28D-4FA7-B4A1-A1EA8BA66C3B}
	EndGlobalSection
EndGlobal
